
Microsoft Visual Studio Solution File, Format Version 12.00
# Visual Studio 15
Project("{FAE04EC0-301F-11D3-BF4B-00C04F79EFBC}") = "Assembly-CSharp", "Assembly-CSharp.csproj", "{5685CAB3-97CB-CECD-FDF2-19E3459D19C8}"
EndProject
Project("{FAE04EC0-301F-11D3-BF4B-00C04F79EFBC}") = "com.leantween", "com.leantween.csproj", "{2DC3703F-C98B-8D2A-AA65-29003544E6D8}"
EndProject
Project("{FAE04EC0-301F-11D3-BF4B-00C04F79EFBC}") = "Assembly-CSharp-Editor", "Assembly-CSharp-Editor.csproj", "{0EEFB493-B82D-F427-E581-1B998E881FCF}"
EndProject
Project("{FAE04EC0-301F-11D3-BF4B-00C04F79EFBC}") = "com.leantween.editor", "com.leantween.editor.csproj", "{3C57C708-809A-0CCD-0B6D-64D532B1D261}"
EndProject
Global
	GlobalSection(SolutionConfigurationPlatforms) = preSolution
		Debug|Any CPU = Debug|Any CPU
		Release|Any CPU = Release|Any CPU
	EndGlobalSection
	GlobalSection(ProjectConfigurationPlatforms) = postSolution
		{5685CAB3-97CB-CECD-FDF2-19E3459D19C8}.Debug|Any CPU.ActiveCfg = Debug|Any CPU
		{5685CAB3-97CB-CECD-FDF2-19E3459D19C8}.Debug|Any CPU.Build.0 = Debug|Any CPU
		{5685CAB3-97CB-CECD-FDF2-19E3459D19C8}.Release|Any CPU.ActiveCfg = Release|Any CPU
		{5685CAB3-97CB-CECD-FDF2-19E3459D19C8}.Release|Any CPU.Build.0 = Release|Any CPU
		{2DC3703F-C98B-8D2A-AA65-29003544E6D8}.Debug|Any CPU.ActiveCfg = Debug|Any CPU
		{2DC3703F-C98B-8D2A-AA65-29003544E6D8}.Debug|Any CPU.Build.0 = Debug|Any CPU
		{2DC3703F-C98B-8D2A-AA65-29003544E6D8}.Release|Any CPU.ActiveCfg = Release|Any CPU
		{2DC3703F-C98B-8D2A-AA65-29003544E6D8}.Release|Any CPU.Build.0 = Release|Any CPU
		{0EEFB493-B82D-F427-E581-1B998E881FCF}.Debug|Any CPU.ActiveCfg = Debug|Any CPU
		{0EEFB493-B82D-F427-E581-1B998E881FCF}.Debug|Any CPU.Build.0 = Debug|Any CPU
		{0EEFB493-B82D-F427-E581-1B998E881FCF}.Release|Any CPU.ActiveCfg = Release|Any CPU
		{0EEFB493-B82D-F427-E581-1B998E881FCF}.Release|Any CPU.Build.0 = Release|Any CPU
		{3C57C708-809A-0CCD-0B6D-64D532B1D261}.Debug|Any CPU.ActiveCfg = Debug|Any CPU
		{3C57C708-809A-0CCD-0B6D-64D532B1D261}.Debug|Any CPU.Build.0 = Debug|Any CPU
		{3C57C708-809A-0CCD-0B6D-64D532B1D261}.Release|Any CPU.ActiveCfg = Release|Any CPU
		{3C57C708-809A-0CCD-0B6D-64D532B1D261}.Release|Any CPU.Build.0 = Release|Any CPU
	EndGlobalSection
	GlobalSection(SolutionProperties) = preSolution
		HideSolutionNode = FALSE
	EndGlobalSection
EndGlobal
