
Microsoft Visual Studio Solution File, Format Version 12.00
# Visual Studio Version 16
VisualStudioVersion = 16.0.31624.102
MinimumVisualStudioVersion = 10.0.40219.1
Project("{FAE04EC0-301F-11D3-BF4B-00C04F79EFBC}") = "Assembly-CSharp", "Assembly-CSharp.csproj", "{5685CAB3-97CB-CECD-FDF2-19E3459D19C8}"
EndProject
Project("{FAE04EC0-301F-11D3-BF4B-00C04F79EFBC}") = "Assembly-CSharp-Editor", "Assembly-CSharp-Editor.csproj", "{8499C466-B0FB-4E61-3DEA-FB0707E2D582}"
EndProject
Global
	GlobalSection(SolutionConfigurationPlatforms) = preSolution
		Debug|Any CPU = Debug|Any CPU
		Release|Any CPU = Release|Any CPU
	EndGlobalSection
	GlobalSection(ProjectConfigurationPlatforms) = postSolution
		{5685CAB3-97CB-CECD-FDF2-19E3459D19C8}.Debug|Any CPU.ActiveCfg = Debug|Any CPU
		{5685CAB3-97CB-CECD-FDF2-19E3459D19C8}.Debug|Any CPU.Build.0 = Debug|Any CPU
		{5685CAB3-97CB-CECD-FDF2-19E3459D19C8}.Release|Any CPU.ActiveCfg = Release|Any CPU
		{5685CAB3-97CB-CECD-FDF2-19E3459D19C8}.Release|Any CPU.Build.0 = Release|Any CPU
		{8499C466-B0FB-4E61-3DEA-FB0707E2D582}.Debug|Any CPU.ActiveCfg = Debug|Any CPU
		{8499C466-B0FB-4E61-3DEA-FB0707E2D582}.Debug|Any CPU.Build.0 = Debug|Any CPU
		{8499C466-B0FB-4E61-3DEA-FB0707E2D582}.Release|Any CPU.ActiveCfg = Release|Any CPU
		{8499C466-B0FB-4E61-3DEA-FB0707E2D582}.Release|Any CPU.Build.0 = Release|Any CPU
	EndGlobalSection
	GlobalSection(SolutionProperties) = preSolution
		HideSolutionNode = FALSE
	EndGlobalSection
	GlobalSection(ExtensibilityGlobals) = postSolution
		SolutionGuid = {F2E28FA8-5A47-4754-8B0F-CEA56CEED0C1}
	EndGlobalSection
EndGlobal
