
Microsoft Visual Studio Solution File, Format Version 12.00
# Visual Studio Version 16
VisualStudioVersion = 16.0.30523.141
MinimumVisualStudioVersion = 10.0.40219.1
Project("{FAE04EC0-301F-11D3-BF4B-00C04F79EFBC}") = "Assembly-CSharp", "Assembly-CSharp.csproj", "{BDBCE7D3-139D-3EDB-816D-FB1D73476D25}"
EndProject
Project("{FAE04EC0-301F-11D3-BF4B-00C04F79EFBC}") = "UMA_Core", "UMA_Core.csproj", "{08EFFA24-63A4-15E4-CB4B-8EFBCAA0E525}"
EndProject
Project("{FAE04EC0-301F-11D3-BF4B-00C04F79EFBC}") = "Assembly-CSharp-firstpass", "Assembly-CSharp-firstpass.csproj", "{AB5AC18D-7A29-6C7C-2730-320E2085B380}"
EndProject
Project("{FAE04EC0-301F-11D3-BF4B-00C04F79EFBC}") = "UMA_Examples", "UMA_Examples.csproj", "{19CFD48C-BDEE-0D34-1A64-9F1BDA4DDB81}"
EndProject
Project("{FAE04EC0-301F-11D3-BF4B-00C04F79EFBC}") = "UMA_Content", "UMA_Content.csproj", "{1F668E0E-B5E4-4AEA-1F1D-C0061C20BD20}"
EndProject
Project("{FAE04EC0-301F-11D3-BF4B-00C04F79EFBC}") = "UMA_Core_Editor", "UMA_Core_Editor.csproj", "{4C5A1F24-12B0-1DE0-B578-087F1183B65A}"
EndProject
Project("{FAE04EC0-301F-11D3-BF4B-00C04F79EFBC}") = "Assembly-CSharp-Editor", "Assembly-CSharp-Editor.csproj", "{C22AAD6A-B2DF-4BD2-64A3-336E504F1D3C}"
EndProject
Project("{FAE04EC0-301F-11D3-BF4B-00C04F79EFBC}") = "UMA_Examples_Editor", "UMA_Examples_Editor.csproj", "{DF4F070A-3B5C-37C0-4A22-42156942874A}"
EndProject
Project("{FAE04EC0-301F-11D3-BF4B-00C04F79EFBC}") = "Addressable_Editor", "Addressable_Editor.csproj", "{A93F7737-D7E3-D6F9-106E-13D32ECF5034}"
EndProject
Project("{FAE04EC0-301F-11D3-BF4B-00C04F79EFBC}") = "Assembly-CSharp-Editor-firstpass", "Assembly-CSharp-Editor-firstpass.csproj", "{3019EA78-BF43-C6B2-3F05-C90B26F5B8ED}"
EndProject
Global
	GlobalSection(SolutionConfigurationPlatforms) = preSolution
		Debug|Any CPU = Debug|Any CPU
		Release|Any CPU = Release|Any CPU
	EndGlobalSection
	GlobalSection(ProjectConfigurationPlatforms) = postSolution
		{BDBCE7D3-139D-3EDB-816D-FB1D73476D25}.Debug|Any CPU.ActiveCfg = Debug|Any CPU
		{BDBCE7D3-139D-3EDB-816D-FB1D73476D25}.Debug|Any CPU.Build.0 = Debug|Any CPU
		{BDBCE7D3-139D-3EDB-816D-FB1D73476D25}.Release|Any CPU.ActiveCfg = Release|Any CPU
		{BDBCE7D3-139D-3EDB-816D-FB1D73476D25}.Release|Any CPU.Build.0 = Release|Any CPU
		{08EFFA24-63A4-15E4-CB4B-8EFBCAA0E525}.Debug|Any CPU.ActiveCfg = Debug|Any CPU
		{08EFFA24-63A4-15E4-CB4B-8EFBCAA0E525}.Debug|Any CPU.Build.0 = Debug|Any CPU
		{08EFFA24-63A4-15E4-CB4B-8EFBCAA0E525}.Release|Any CPU.ActiveCfg = Release|Any CPU
		{08EFFA24-63A4-15E4-CB4B-8EFBCAA0E525}.Release|Any CPU.Build.0 = Release|Any CPU
		{AB5AC18D-7A29-6C7C-2730-320E2085B380}.Debug|Any CPU.ActiveCfg = Debug|Any CPU
		{AB5AC18D-7A29-6C7C-2730-320E2085B380}.Debug|Any CPU.Build.0 = Debug|Any CPU
		{AB5AC18D-7A29-6C7C-2730-320E2085B380}.Release|Any CPU.ActiveCfg = Release|Any CPU
		{AB5AC18D-7A29-6C7C-2730-320E2085B380}.Release|Any CPU.Build.0 = Release|Any CPU
		{19CFD48C-BDEE-0D34-1A64-9F1BDA4DDB81}.Debug|Any CPU.ActiveCfg = Debug|Any CPU
		{19CFD48C-BDEE-0D34-1A64-9F1BDA4DDB81}.Debug|Any CPU.Build.0 = Debug|Any CPU
		{19CFD48C-BDEE-0D34-1A64-9F1BDA4DDB81}.Release|Any CPU.ActiveCfg = Release|Any CPU
		{19CFD48C-BDEE-0D34-1A64-9F1BDA4DDB81}.Release|Any CPU.Build.0 = Release|Any CPU
		{1F668E0E-B5E4-4AEA-1F1D-C0061C20BD20}.Debug|Any CPU.ActiveCfg = Debug|Any CPU
		{1F668E0E-B5E4-4AEA-1F1D-C0061C20BD20}.Debug|Any CPU.Build.0 = Debug|Any CPU
		{1F668E0E-B5E4-4AEA-1F1D-C0061C20BD20}.Release|Any CPU.ActiveCfg = Release|Any CPU
		{1F668E0E-B5E4-4AEA-1F1D-C0061C20BD20}.Release|Any CPU.Build.0 = Release|Any CPU
		{4C5A1F24-12B0-1DE0-B578-087F1183B65A}.Debug|Any CPU.ActiveCfg = Debug|Any CPU
		{4C5A1F24-12B0-1DE0-B578-087F1183B65A}.Debug|Any CPU.Build.0 = Debug|Any CPU
		{4C5A1F24-12B0-1DE0-B578-087F1183B65A}.Release|Any CPU.ActiveCfg = Release|Any CPU
		{4C5A1F24-12B0-1DE0-B578-087F1183B65A}.Release|Any CPU.Build.0 = Release|Any CPU
		{C22AAD6A-B2DF-4BD2-64A3-336E504F1D3C}.Debug|Any CPU.ActiveCfg = Debug|Any CPU
		{C22AAD6A-B2DF-4BD2-64A3-336E504F1D3C}.Debug|Any CPU.Build.0 = Debug|Any CPU
		{C22AAD6A-B2DF-4BD2-64A3-336E504F1D3C}.Release|Any CPU.ActiveCfg = Release|Any CPU
		{C22AAD6A-B2DF-4BD2-64A3-336E504F1D3C}.Release|Any CPU.Build.0 = Release|Any CPU
		{DF4F070A-3B5C-37C0-4A22-42156942874A}.Debug|Any CPU.ActiveCfg = Debug|Any CPU
		{DF4F070A-3B5C-37C0-4A22-42156942874A}.Debug|Any CPU.Build.0 = Debug|Any CPU
		{DF4F070A-3B5C-37C0-4A22-42156942874A}.Release|Any CPU.ActiveCfg = Release|Any CPU
		{DF4F070A-3B5C-37C0-4A22-42156942874A}.Release|Any CPU.Build.0 = Release|Any CPU
		{A93F7737-D7E3-D6F9-106E-13D32ECF5034}.Debug|Any CPU.ActiveCfg = Debug|Any CPU
		{A93F7737-D7E3-D6F9-106E-13D32ECF5034}.Debug|Any CPU.Build.0 = Debug|Any CPU
		{A93F7737-D7E3-D6F9-106E-13D32ECF5034}.Release|Any CPU.ActiveCfg = Release|Any CPU
		{A93F7737-D7E3-D6F9-106E-13D32ECF5034}.Release|Any CPU.Build.0 = Release|Any CPU
		{3019EA78-BF43-C6B2-3F05-C90B26F5B8ED}.Debug|Any CPU.ActiveCfg = Debug|Any CPU
		{3019EA78-BF43-C6B2-3F05-C90B26F5B8ED}.Debug|Any CPU.Build.0 = Debug|Any CPU
		{3019EA78-BF43-C6B2-3F05-C90B26F5B8ED}.Release|Any CPU.ActiveCfg = Release|Any CPU
		{3019EA78-BF43-C6B2-3F05-C90B26F5B8ED}.Release|Any CPU.Build.0 = Release|Any CPU
	EndGlobalSection
	GlobalSection(SolutionProperties) = preSolution
		HideSolutionNode = FALSE
	EndGlobalSection
	GlobalSection(ExtensibilityGlobals) = postSolution
		SolutionGuid = {EAFEFDF4-9CFF-41CB-8DDF-34DA704B6F65}
	EndGlobalSection
EndGlobal
