
Microsoft Visual Studio Solution File, Format Version 12.00
# Visual Studio 15
Project("{FAE04EC0-301F-11D3-BF4B-00C04F79EFBC}") = "Assembly-CSharp", "Assembly-CSharp.csproj", "{2B20B832-33D8-AC00-6C48-30FA2B26CC17}"
EndProject
Project("{FAE04EC0-301F-11D3-BF4B-00C04F79EFBC}") = "UMA_Core", "UMA_Core.csproj", "{345D5B23-BFAA-40AE-2CDF-20E427E31384}"
EndProject
Project("{FAE04EC0-301F-11D3-BF4B-00C04F79EFBC}") = "Assembly-CSharp-firstpass", "Assembly-CSharp-firstpass.csproj", "{269B1352-DCE5-EE2E-55D8-3FC4D1B0102A}"
EndProject
Project("{FAE04EC0-301F-11D3-BF4B-00C04F79EFBC}") = "UMA_Content", "UMA_Content.csproj", "{9AB1A514-110C-5A0E-C7F3-B329CF62C6C7}"
EndProject
Project("{FAE04EC0-301F-11D3-BF4B-00C04F79EFBC}") = "UMA_Examples", "UMA_Examples.csproj", "{6CF6212C-6A70-52D0-D830-E417883571ED}"
EndProject
Project("{FAE04EC0-301F-11D3-BF4B-00C04F79EFBC}") = "UMA_Examples_Editor", "UMA_Examples_Editor.csproj", "{3F453844-2CDB-8276-0E16-BFF7BBCDA07E}"
EndProject
Project("{FAE04EC0-301F-11D3-BF4B-00C04F79EFBC}") = "Assembly-CSharp-Editor", "Assembly-CSharp-Editor.csproj", "{9B414E69-BA8C-5DFD-72B5-D033BB718A35}"
EndProject
Project("{FAE04EC0-301F-11D3-BF4B-00C04F79EFBC}") = "UMA_Core_Editor", "UMA_Core_Editor.csproj", "{B3D97A35-258B-CBA3-E13A-8AB9E03CDD84}"
EndProject
Project("{FAE04EC0-301F-11D3-BF4B-00C04F79EFBC}") = "Assembly-CSharp-Editor-firstpass", "Assembly-CSharp-Editor-firstpass.csproj", "{9AB39FF4-C188-0817-895C-DAFFC753090B}"
EndProject
Global
	GlobalSection(SolutionConfigurationPlatforms) = preSolution
		Debug|Any CPU = Debug|Any CPU
		Release|Any CPU = Release|Any CPU
	EndGlobalSection
	GlobalSection(ProjectConfigurationPlatforms) = postSolution
		{2B20B832-33D8-AC00-6C48-30FA2B26CC17}.Debug|Any CPU.ActiveCfg = Debug|Any CPU
		{2B20B832-33D8-AC00-6C48-30FA2B26CC17}.Debug|Any CPU.Build.0 = Debug|Any CPU
		{2B20B832-33D8-AC00-6C48-30FA2B26CC17}.Release|Any CPU.ActiveCfg = Release|Any CPU
		{2B20B832-33D8-AC00-6C48-30FA2B26CC17}.Release|Any CPU.Build.0 = Release|Any CPU
		{345D5B23-BFAA-40AE-2CDF-20E427E31384}.Debug|Any CPU.ActiveCfg = Debug|Any CPU
		{345D5B23-BFAA-40AE-2CDF-20E427E31384}.Debug|Any CPU.Build.0 = Debug|Any CPU
		{345D5B23-BFAA-40AE-2CDF-20E427E31384}.Release|Any CPU.ActiveCfg = Release|Any CPU
		{345D5B23-BFAA-40AE-2CDF-20E427E31384}.Release|Any CPU.Build.0 = Release|Any CPU
		{269B1352-DCE5-EE2E-55D8-3FC4D1B0102A}.Debug|Any CPU.ActiveCfg = Debug|Any CPU
		{269B1352-DCE5-EE2E-55D8-3FC4D1B0102A}.Debug|Any CPU.Build.0 = Debug|Any CPU
		{269B1352-DCE5-EE2E-55D8-3FC4D1B0102A}.Release|Any CPU.ActiveCfg = Release|Any CPU
		{269B1352-DCE5-EE2E-55D8-3FC4D1B0102A}.Release|Any CPU.Build.0 = Release|Any CPU
		{9AB1A514-110C-5A0E-C7F3-B329CF62C6C7}.Debug|Any CPU.ActiveCfg = Debug|Any CPU
		{9AB1A514-110C-5A0E-C7F3-B329CF62C6C7}.Debug|Any CPU.Build.0 = Debug|Any CPU
		{9AB1A514-110C-5A0E-C7F3-B329CF62C6C7}.Release|Any CPU.ActiveCfg = Release|Any CPU
		{9AB1A514-110C-5A0E-C7F3-B329CF62C6C7}.Release|Any CPU.Build.0 = Release|Any CPU
		{6CF6212C-6A70-52D0-D830-E417883571ED}.Debug|Any CPU.ActiveCfg = Debug|Any CPU
		{6CF6212C-6A70-52D0-D830-E417883571ED}.Debug|Any CPU.Build.0 = Debug|Any CPU
		{6CF6212C-6A70-52D0-D830-E417883571ED}.Release|Any CPU.ActiveCfg = Release|Any CPU
		{6CF6212C-6A70-52D0-D830-E417883571ED}.Release|Any CPU.Build.0 = Release|Any CPU
		{3F453844-2CDB-8276-0E16-BFF7BBCDA07E}.Debug|Any CPU.ActiveCfg = Debug|Any CPU
		{3F453844-2CDB-8276-0E16-BFF7BBCDA07E}.Debug|Any CPU.Build.0 = Debug|Any CPU
		{3F453844-2CDB-8276-0E16-BFF7BBCDA07E}.Release|Any CPU.ActiveCfg = Release|Any CPU
		{3F453844-2CDB-8276-0E16-BFF7BBCDA07E}.Release|Any CPU.Build.0 = Release|Any CPU
		{9B414E69-BA8C-5DFD-72B5-D033BB718A35}.Debug|Any CPU.ActiveCfg = Debug|Any CPU
		{9B414E69-BA8C-5DFD-72B5-D033BB718A35}.Debug|Any CPU.Build.0 = Debug|Any CPU
		{9B414E69-BA8C-5DFD-72B5-D033BB718A35}.Release|Any CPU.ActiveCfg = Release|Any CPU
		{9B414E69-BA8C-5DFD-72B5-D033BB718A35}.Release|Any CPU.Build.0 = Release|Any CPU
		{B3D97A35-258B-CBA3-E13A-8AB9E03CDD84}.Debug|Any CPU.ActiveCfg = Debug|Any CPU
		{B3D97A35-258B-CBA3-E13A-8AB9E03CDD84}.Debug|Any CPU.Build.0 = Debug|Any CPU
		{B3D97A35-258B-CBA3-E13A-8AB9E03CDD84}.Release|Any CPU.ActiveCfg = Release|Any CPU
		{B3D97A35-258B-CBA3-E13A-8AB9E03CDD84}.Release|Any CPU.Build.0 = Release|Any CPU
		{9AB39FF4-C188-0817-895C-DAFFC753090B}.Debug|Any CPU.ActiveCfg = Debug|Any CPU
		{9AB39FF4-C188-0817-895C-DAFFC753090B}.Debug|Any CPU.Build.0 = Debug|Any CPU
		{9AB39FF4-C188-0817-895C-DAFFC753090B}.Release|Any CPU.ActiveCfg = Release|Any CPU
		{9AB39FF4-C188-0817-895C-DAFFC753090B}.Release|Any CPU.Build.0 = Release|Any CPU
	EndGlobalSection
	GlobalSection(SolutionProperties) = preSolution
		HideSolutionNode = FALSE
	EndGlobalSection
EndGlobal
