
Microsoft Visual Studio Solution File, Format Version 12.00
# Visual Studio 2017
Project("{FAE04EC0-301F-11D3-BF4B-00C04F79EFBC}") = "Our World Smartphone Prototype Android", "Our World Smartphone Prototype Android.csproj", "{182C2E75-85AB-3F99-EC55-90EC682C9954}"
EndProject
Project("{FAE04EC0-301F-11D3-BF4B-00C04F79EFBC}") = "Our World Smartphone Prototype Android.Editor", "Our World Smartphone Prototype Android.Editor.csproj", "{DF9BFEF1-C5D7-2716-CCD3-0D5FE985F5D6}"
EndProject
Global
	GlobalSection(SolutionConfigurationPlatforms) = preSolution
		Debug|Any CPU = Debug|Any CPU
		Release|Any CPU = Release|Any CPU
	EndGlobalSection
	GlobalSection(ProjectConfigurationPlatforms) = postSolution
		{182C2E75-85AB-3F99-EC55-90EC682C9954}.Debug|Any CPU.ActiveCfg = Debug|Any CPU
		{182C2E75-85AB-3F99-EC55-90EC682C9954}.Debug|Any CPU.Build.0 = Debug|Any CPU
		{182C2E75-85AB-3F99-EC55-90EC682C9954}.Release|Any CPU.ActiveCfg = Release|Any CPU
		{182C2E75-85AB-3F99-EC55-90EC682C9954}.Release|Any CPU.Build.0 = Release|Any CPU
		{DF9BFEF1-C5D7-2716-CCD3-0D5FE985F5D6}.Debug|Any CPU.ActiveCfg = Debug|Any CPU
		{DF9BFEF1-C5D7-2716-CCD3-0D5FE985F5D6}.Debug|Any CPU.Build.0 = Debug|Any CPU
		{DF9BFEF1-C5D7-2716-CCD3-0D5FE985F5D6}.Release|Any CPU.ActiveCfg = Release|Any CPU
		{DF9BFEF1-C5D7-2716-CCD3-0D5FE985F5D6}.Release|Any CPU.Build.0 = Release|Any CPU
	EndGlobalSection
	GlobalSection(SolutionProperties) = preSolution
		HideSolutionNode = FALSE
	EndGlobalSection
EndGlobal
